
Microsoft Visual Studio Solution File, Format Version 12.00
# Visual Studio Version 17
VisualStudioVersion = 17.8.34330.188
MinimumVisualStudioVersion = 10.0.40219.1
Project("{FAE04EC0-301F-11D3-BF4B-00C04F79EFBC}") = "WoodMindCAM", "WoodMindCAM.csproj", "{05DB9952-E1F9-460A-BA68-3CA794FE1EA8}"
EndProject
Global
	GlobalSection(SolutionConfigurationPlatforms) = preSolution
		Debug|Any CPU = Debug|Any CPU
		Release|Any CPU = Release|Any CPU
	EndGlobalSection
	GlobalSection(ProjectConfigurationPlatforms) = postSolution
		{05DB9952-E1F9-460A-BA68-3CA794FE1EA8}.Debug|Any CPU.ActiveCfg = Debug|Any CPU
		{05DB9952-E1F9-460A-BA68-3CA794FE1EA8}.Debug|Any CPU.Build.0 = Debug|Any CPU
		{05DB9952-E1F9-460A-BA68-3CA794FE1EA8}.Release|Any CPU.ActiveCfg = Release|Any CPU
		{05DB9952-E1F9-460A-BA68-3CA794FE1EA8}.Release|Any CPU.Build.0 = Release|Any CPU
	EndGlobalSection
	GlobalSection(SolutionProperties) = preSolution
		HideSolutionNode = FALSE
	EndGlobalSection
	GlobalSection(ExtensibilityGlobals) = postSolution
		SolutionGuid = {C85E375A-5A89-47FC-AC33-3829CC7E6DBB}
	EndGlobalSection
EndGlobal
